
Microsoft Visual Studio Solution File, Format Version 12.00
# Visual Studio Version 16
VisualStudioVersion = 16.0.31025.194
MinimumVisualStudioVersion = 10.0.40219.1
Project("{2150E333-8FDC-42A3-9474-1A3956D46DE8}") = "ApiGateway", "ApiGateway", "{466B61F8-B1D2-4967-9787-D5D18AE254B4}"
EndProject
Project("{2150E333-8FDC-42A3-9474-1A3956D46DE8}") = "Microservices", "Microservices", "{E87F0A88-B814-4FA9-B544-8CDC4C43EF12}"
EndProject
Project("{2150E333-8FDC-42A3-9474-1A3956D46DE8}") = "RabbitMQ", "RabbitMQ", "{94540222-2F82-47FD-A1B4-926D696FA395}"
EndProject
Project("{FAE04EC0-301F-11D3-BF4B-00C04F79EFBC}") = "Ocelot.ApiGateway", "Ocelot.ApiGateway\Ocelot.ApiGateway.csproj", "{AD762F60-BF03-48F9-AC0A-8F03B2BC5102}"
EndProject
Project("{FAE04EC0-301F-11D3-BF4B-00C04F79EFBC}") = "Example.API", "Example.API\Example.API.csproj", "{A5C0C96B-3B50-4D0D-B3C6-38AB72BD4FF9}"
EndProject
Project("{2150E333-8FDC-42A3-9474-1A3956D46DE8}") = "Common", "Common", "{119570BE-9DCD-49E0-9A02-9FA4EA275350}"
EndProject
Global
	GlobalSection(SolutionConfigurationPlatforms) = preSolution
		Debug|Any CPU = Debug|Any CPU
		Release|Any CPU = Release|Any CPU
	EndGlobalSection
	GlobalSection(ProjectConfigurationPlatforms) = postSolution
		{AD762F60-BF03-48F9-AC0A-8F03B2BC5102}.Debug|Any CPU.ActiveCfg = Debug|Any CPU
		{AD762F60-BF03-48F9-AC0A-8F03B2BC5102}.Debug|Any CPU.Build.0 = Debug|Any CPU
		{AD762F60-BF03-48F9-AC0A-8F03B2BC5102}.Release|Any CPU.ActiveCfg = Release|Any CPU
		{AD762F60-BF03-48F9-AC0A-8F03B2BC5102}.Release|Any CPU.Build.0 = Release|Any CPU
		{A5C0C96B-3B50-4D0D-B3C6-38AB72BD4FF9}.Debug|Any CPU.ActiveCfg = Debug|Any CPU
		{A5C0C96B-3B50-4D0D-B3C6-38AB72BD4FF9}.Debug|Any CPU.Build.0 = Debug|Any CPU
		{A5C0C96B-3B50-4D0D-B3C6-38AB72BD4FF9}.Release|Any CPU.ActiveCfg = Release|Any CPU
		{A5C0C96B-3B50-4D0D-B3C6-38AB72BD4FF9}.Release|Any CPU.Build.0 = Release|Any CPU
	EndGlobalSection
	GlobalSection(SolutionProperties) = preSolution
		HideSolutionNode = FALSE
	EndGlobalSection
	GlobalSection(NestedProjects) = preSolution
		{AD762F60-BF03-48F9-AC0A-8F03B2BC5102} = {466B61F8-B1D2-4967-9787-D5D18AE254B4}
		{A5C0C96B-3B50-4D0D-B3C6-38AB72BD4FF9} = {E87F0A88-B814-4FA9-B544-8CDC4C43EF12}
	EndGlobalSection
	GlobalSection(ExtensibilityGlobals) = postSolution
		SolutionGuid = {6549679A-C06C-4F1D-A59E-64A4965BC1DB}
	EndGlobalSection
EndGlobal
